<?xml version="1.0" encoding="utf-8"?>
<Project ToolsVersion="4.0" xmlns="http://schemas.microsoft.com/developer/msbuild/2003">
  <ItemGroup>
    <ClCompile Include="src\main.cpp" />
    <ClCompile Include="src\Window\StartGame.cpp">
      <Filter>Window</Filter>
    </ClCompile>
    <ClCompile Include="src\Objects\PlayerShip.cpp">
      <Filter>Objects</Filter>
    </ClCompile>
    <ClCompile Include="src\Objects\Asteroid.cpp">
      <Filter>Objects</Filter>
    </ClCompile>
    <ClCompile Include="src\Objects\Mouse.cpp">
      <Filter>Objects</Filter>
    </ClCompile>
    <ClCompile Include="src\Objects\Bullet.cpp">
      <Filter>Objects</Filter>
    </ClCompile>
  </ItemGroup>
  <ItemGroup>
    <Filter Include="Window">
      <UniqueIdentifier>{05fba396-8312-44e3-99e7-3acbeffa1c17}</UniqueIdentifier>
    </Filter>
    <Filter Include="Objects">
      <UniqueIdentifier>{93055b97-daa8-471b-9b73-e0e4f2489fd2}</UniqueIdentifier>
    </Filter>
    <Filter Include="Resources">
      <UniqueIdentifier>{53ea00c9-0ad0-4c5a-9151-f47d430265ef}</UniqueIdentifier>
    </Filter>
    <Filter Include="Resources\Sprites">
      <UniqueIdentifier>{b2a1d564-49af-47e9-87aa-680a1ae9e312}</UniqueIdentifier>
    </Filter>
    <Filter Include="Resources\Font">
      <UniqueIdentifier>{5ce28036-7828-46ce-b2a7-b1ca9e98e409}</UniqueIdentifier>
    </Filter>
  </ItemGroup>
  <ItemGroup>
    <ClInclude Include="src\Window\Game.h">
      <Filter>Window</Filter>
    </ClInclude>
    <ClInclude Include="src\Objects\PlayerShip.h">
      <Filter>Objects</Filter>
    </ClInclude>
    <ClInclude Include="src\Objects\Asteroid.h">
      <Filter>Objects</Filter>
    </ClInclude>
    <ClInclude Include="src\Window\StartGame.h">
      <Filter>Window</Filter>
    </ClInclude>
    <ClInclude Include="src\Objects\Mouse.h">
      <Filter>Objects</Filter>
    </ClInclude>
    <ClInclude Include="src\Objects\Bullet.h">
      <Filter>Objects</Filter>
    </ClInclude>
  </ItemGroup>
  <ItemGroup>
    <Image Include="resources\Sprites\Asteroid.png">
      <Filter>Resources\Sprites</Filter>
    </Image>
    <Image Include="resources\Sprites\Background.png">
      <Filter>Resources\Sprites</Filter>
    </Image>
    <Image Include="resources\Sprites\Bullet.png">
      <Filter>Resources\Sprites</Filter>
    </Image>
    <Image Include="resources\Sprites\Cross.png">
      <Filter>Resources\Sprites</Filter>
    </Image>
    <Image Include="resources\Sprites\NormalAsteroid.png">
      <Filter>Resources\Sprites</Filter>
    </Image>
    <Image Include="resources\Sprites\Ship.png">
      <Filter>Resources\Sprites</Filter>
    </Image>
    <Image Include="resources\Sprites\SmallAsteroid.png">
      <Filter>Resources\Sprites</Filter>
    </Image>
  </ItemGroup>
</Project>